
Microsoft Visual Studio Solution File, Format Version 12.00
# Visual Studio 15
VisualStudioVersion = 15.0.27004.2002
MinimumVisualStudioVersion = 10.0.40219.1
Project("{9A19103F-16F7-4668-BE54-9A1E7A4F7556}") = "NewMYYT.Service", "NewMYYT.Application\NewMYYT.Service.csproj", "{7726E371-A755-4496-929E-64F87D987040}"
EndProject
Project("{9A19103F-16F7-4668-BE54-9A1E7A4F7556}") = "NewMYYT.EntityFramework", "NewMYYT.EntityFramework\NewMYYT.EntityFramework.csproj", "{9A3A37D2-76A2-4F4F-B81C-278C643689FD}"
EndProject
Project("{9A19103F-16F7-4668-BE54-9A1E7A4F7556}") = "NewMYYT.Core", "NewMYYT.Core\NewMYYT.Core.csproj", "{11D5D31A-5F73-4F54-98D9-04C4FE20A762}"
EndProject
Project("{9A19103F-16F7-4668-BE54-9A1E7A4F7556}") = "NewMYYT.CoreWebApi", "NewMYYT.CoreWebApi\NewMYYT.CoreWebApi.csproj", "{030B662E-177E-45B3-A12D-DD5C1A5825C1}"
EndProject
Project("{2150E333-8FDC-42A3-9474-1A3956D46DE8}") = "Core", "Core", "{CED50ED5-78C6-4730-9026-F370D2F3F252}"
EndProject
Project("{2150E333-8FDC-42A3-9474-1A3956D46DE8}") = "NetFramework", "NetFramework", "{4BACB79F-F8AE-40C9-8AC2-DA15B25EE869}"
EndProject
Project("{FAE04EC0-301F-11D3-BF4B-00C04F79EFBC}") = "NewProject.Service", "NewProject.Service\NewProject.Service.csproj", "{B94BCC0F-FBDD-42BE-9092-4D53908DC167}"
EndProject
Project("{FAE04EC0-301F-11D3-BF4B-00C04F79EFBC}") = "NewProject.Data", "NewProject.Data\NewProject.Data.csproj", "{01AB20F1-5D81-4AD1-AE5C-D937ED5590CC}"
EndProject
Project("{FAE04EC0-301F-11D3-BF4B-00C04F79EFBC}") = "NewProject.EntityFramework", "NewProject.EntityFramework\NewProject.EntityFramework.csproj", "{0C4D22D9-AE52-4B9B-96D0-C1CCD4AC301C}"
EndProject
Project("{FAE04EC0-301F-11D3-BF4B-00C04F79EFBC}") = "NetProject.Common", "NetProject.Common\NetProject.Common.csproj", "{865032B7-A560-4417-A455-21DC2C4834FC}"
EndProject
Project("{FAE04EC0-301F-11D3-BF4B-00C04F79EFBC}") = "NewProject.NetWEBAPI", "NewProject.NetWEBAPI\NewProject.NetWEBAPI.csproj", "{DF8E68A4-8008-488D-B9D9-E3EBA82941C3}"
EndProject
Project("{FAE04EC0-301F-11D3-BF4B-00C04F79EFBC}") = "NewProject.ConsoleData", "NewProject.ConsoleData\NewProject.ConsoleData.csproj", "{1F52725B-4DA5-4289-8A0F-BB50C554B20B}"
EndProject
Global
	GlobalSection(SolutionConfigurationPlatforms) = preSolution
		Debug|Any CPU = Debug|Any CPU
		Release|Any CPU = Release|Any CPU
	EndGlobalSection
	GlobalSection(ProjectConfigurationPlatforms) = postSolution
		{7726E371-A755-4496-929E-64F87D987040}.Debug|Any CPU.ActiveCfg = Debug|Any CPU
		{7726E371-A755-4496-929E-64F87D987040}.Debug|Any CPU.Build.0 = Debug|Any CPU
		{7726E371-A755-4496-929E-64F87D987040}.Release|Any CPU.ActiveCfg = Release|Any CPU
		{7726E371-A755-4496-929E-64F87D987040}.Release|Any CPU.Build.0 = Release|Any CPU
		{9A3A37D2-76A2-4F4F-B81C-278C643689FD}.Debug|Any CPU.ActiveCfg = Debug|Any CPU
		{9A3A37D2-76A2-4F4F-B81C-278C643689FD}.Debug|Any CPU.Build.0 = Debug|Any CPU
		{9A3A37D2-76A2-4F4F-B81C-278C643689FD}.Release|Any CPU.ActiveCfg = Release|Any CPU
		{9A3A37D2-76A2-4F4F-B81C-278C643689FD}.Release|Any CPU.Build.0 = Release|Any CPU
		{11D5D31A-5F73-4F54-98D9-04C4FE20A762}.Debug|Any CPU.ActiveCfg = Debug|Any CPU
		{11D5D31A-5F73-4F54-98D9-04C4FE20A762}.Debug|Any CPU.Build.0 = Debug|Any CPU
		{11D5D31A-5F73-4F54-98D9-04C4FE20A762}.Release|Any CPU.ActiveCfg = Release|Any CPU
		{11D5D31A-5F73-4F54-98D9-04C4FE20A762}.Release|Any CPU.Build.0 = Release|Any CPU
		{030B662E-177E-45B3-A12D-DD5C1A5825C1}.Debug|Any CPU.ActiveCfg = Debug|Any CPU
		{030B662E-177E-45B3-A12D-DD5C1A5825C1}.Debug|Any CPU.Build.0 = Debug|Any CPU
		{030B662E-177E-45B3-A12D-DD5C1A5825C1}.Release|Any CPU.ActiveCfg = Release|Any CPU
		{030B662E-177E-45B3-A12D-DD5C1A5825C1}.Release|Any CPU.Build.0 = Release|Any CPU
		{B94BCC0F-FBDD-42BE-9092-4D53908DC167}.Debug|Any CPU.ActiveCfg = Debug|Any CPU
		{B94BCC0F-FBDD-42BE-9092-4D53908DC167}.Debug|Any CPU.Build.0 = Debug|Any CPU
		{B94BCC0F-FBDD-42BE-9092-4D53908DC167}.Release|Any CPU.ActiveCfg = Release|Any CPU
		{B94BCC0F-FBDD-42BE-9092-4D53908DC167}.Release|Any CPU.Build.0 = Release|Any CPU
		{01AB20F1-5D81-4AD1-AE5C-D937ED5590CC}.Debug|Any CPU.ActiveCfg = Debug|Any CPU
		{01AB20F1-5D81-4AD1-AE5C-D937ED5590CC}.Debug|Any CPU.Build.0 = Debug|Any CPU
		{01AB20F1-5D81-4AD1-AE5C-D937ED5590CC}.Release|Any CPU.ActiveCfg = Release|Any CPU
		{01AB20F1-5D81-4AD1-AE5C-D937ED5590CC}.Release|Any CPU.Build.0 = Release|Any CPU
		{0C4D22D9-AE52-4B9B-96D0-C1CCD4AC301C}.Debug|Any CPU.ActiveCfg = Debug|Any CPU
		{0C4D22D9-AE52-4B9B-96D0-C1CCD4AC301C}.Debug|Any CPU.Build.0 = Debug|Any CPU
		{0C4D22D9-AE52-4B9B-96D0-C1CCD4AC301C}.Release|Any CPU.ActiveCfg = Release|Any CPU
		{0C4D22D9-AE52-4B9B-96D0-C1CCD4AC301C}.Release|Any CPU.Build.0 = Release|Any CPU
		{865032B7-A560-4417-A455-21DC2C4834FC}.Debug|Any CPU.ActiveCfg = Debug|Any CPU
		{865032B7-A560-4417-A455-21DC2C4834FC}.Debug|Any CPU.Build.0 = Debug|Any CPU
		{865032B7-A560-4417-A455-21DC2C4834FC}.Release|Any CPU.ActiveCfg = Release|Any CPU
		{865032B7-A560-4417-A455-21DC2C4834FC}.Release|Any CPU.Build.0 = Release|Any CPU
		{DF8E68A4-8008-488D-B9D9-E3EBA82941C3}.Debug|Any CPU.ActiveCfg = Debug|Any CPU
		{DF8E68A4-8008-488D-B9D9-E3EBA82941C3}.Debug|Any CPU.Build.0 = Debug|Any CPU
		{DF8E68A4-8008-488D-B9D9-E3EBA82941C3}.Release|Any CPU.ActiveCfg = Release|Any CPU
		{DF8E68A4-8008-488D-B9D9-E3EBA82941C3}.Release|Any CPU.Build.0 = Release|Any CPU
		{1F52725B-4DA5-4289-8A0F-BB50C554B20B}.Debug|Any CPU.ActiveCfg = Debug|Any CPU
		{1F52725B-4DA5-4289-8A0F-BB50C554B20B}.Debug|Any CPU.Build.0 = Debug|Any CPU
		{1F52725B-4DA5-4289-8A0F-BB50C554B20B}.Release|Any CPU.ActiveCfg = Release|Any CPU
		{1F52725B-4DA5-4289-8A0F-BB50C554B20B}.Release|Any CPU.Build.0 = Release|Any CPU
	EndGlobalSection
	GlobalSection(SolutionProperties) = preSolution
		HideSolutionNode = FALSE
	EndGlobalSection
	GlobalSection(NestedProjects) = preSolution
		{7726E371-A755-4496-929E-64F87D987040} = {CED50ED5-78C6-4730-9026-F370D2F3F252}
		{9A3A37D2-76A2-4F4F-B81C-278C643689FD} = {CED50ED5-78C6-4730-9026-F370D2F3F252}
		{11D5D31A-5F73-4F54-98D9-04C4FE20A762} = {CED50ED5-78C6-4730-9026-F370D2F3F252}
		{030B662E-177E-45B3-A12D-DD5C1A5825C1} = {CED50ED5-78C6-4730-9026-F370D2F3F252}
		{B94BCC0F-FBDD-42BE-9092-4D53908DC167} = {4BACB79F-F8AE-40C9-8AC2-DA15B25EE869}
		{01AB20F1-5D81-4AD1-AE5C-D937ED5590CC} = {4BACB79F-F8AE-40C9-8AC2-DA15B25EE869}
		{0C4D22D9-AE52-4B9B-96D0-C1CCD4AC301C} = {4BACB79F-F8AE-40C9-8AC2-DA15B25EE869}
		{865032B7-A560-4417-A455-21DC2C4834FC} = {4BACB79F-F8AE-40C9-8AC2-DA15B25EE869}
		{DF8E68A4-8008-488D-B9D9-E3EBA82941C3} = {4BACB79F-F8AE-40C9-8AC2-DA15B25EE869}
		{1F52725B-4DA5-4289-8A0F-BB50C554B20B} = {4BACB79F-F8AE-40C9-8AC2-DA15B25EE869}
	EndGlobalSection
	GlobalSection(ExtensibilityGlobals) = postSolution
		SolutionGuid = {FD06FFD5-A6BC-46C5-A997-1B8F65696B23}
	EndGlobalSection
EndGlobal
